// !$*UTF8*$!
{
	archiveVersion = 1;
	classes = {
	};
	objectVersion = 56;
	objects = {

/* Begin PBXBuildFile section */
		1C0105D22C323AE1005870B5 /* SettingsViews.swift in Sources */ = {isa = PBXBuildFile; fileRef = 1C0105D12C323AE1005870B5 /* SettingsViews.swift */; };
		1C0105DD2C341F66005870B5 /* clip_mci_image.mlpackage in Sources */ = {isa = PBXBuildFile; fileRef = 1C0105DC2C341F66005870B5 /* clip_mci_image.mlpackage */; };
		1C0105DF2C345433005870B5 /* ProfilerPerformanceStats.swift in Sources */ = {isa = PBXBuildFile; fileRef = 1C0105DE2C345433005870B5 /* ProfilerPerformanceStats.swift */; };
		1C0105E32C347E05005870B5 /* CoreMLProfiler.swift in Sources */ = {isa = PBXBuildFile; fileRef = 1C0105E22C347E05005870B5 /* CoreMLProfiler.swift */; };
		1C0F0CC72C2E02520007191B /* clip_text.mlpackage in Sources */ = {isa = PBXBuildFile; fileRef = 1C0F0CC62C2E02520007191B /* clip_text.mlpackage */; };
		1C0F0CC92C2E03FF0007191B /* CLIPTextModel.swift in Sources */ = {isa = PBXBuildFile; fileRef = 1C0F0CC82C2E03FF0007191B /* CLIPTextModel.swift */; };
		1C0F0CCB2C2F12E40007191B /* CameraPreviewView.swift in Sources */ = {isa = PBXBuildFile; fileRef = 1C0F0CCA2C2F12E40007191B /* CameraPreviewView.swift */; };
		1C0F0CCD2C2F13030007191B /* CameraManager.swift in Sources */ = {isa = PBXBuildFile; fileRef = 1C0F0CCC2C2F13030007191B /* CameraManager.swift */; };
		1C26D80C2C38185A00F7E24B /* CLIPImageModel.swift in Sources */ = {isa = PBXBuildFile; fileRef = 1C26D80B2C38185A00F7E24B /* CLIPImageModel.swift */; };
		1C62E8DD2C2A206700C1C637 /* CLIP_Finder2App.swift in Sources */ = {isa = PBXBuildFile; fileRef = 1C62E8DC2C2A206700C1C637 /* CLIP_Finder2App.swift */; };
		1C62E8DF2C2A206700C1C637 /* ContentView.swift in Sources */ = {isa = PBXBuildFile; fileRef = 1C62E8DE2C2A206700C1C637 /* ContentView.swift */; };
		1C62E8E12C2A206900C1C637 /* Assets.xcassets in Resources */ = {isa = PBXBuildFile; fileRef = 1C62E8E02C2A206900C1C637 /* Assets.xcassets */; };
		1C62E8E42C2A206900C1C637 /* Preview Assets.xcassets in Resources */ = {isa = PBXBuildFile; fileRef = 1C62E8E32C2A206900C1C637 /* Preview Assets.xcassets */; };
		1C62E8EB2C2A20B600C1C637 /* PhotoGalleryViewModel.swift in Sources */ = {isa = PBXBuildFile; fileRef = 1C62E8EA2C2A20B600C1C637 /* PhotoGalleryViewModel.swift */; };
		1C62E8EE2C2A211000C1C637 /* PhotosDB.xcdatamodeld in Sources */ = {isa = PBXBuildFile; fileRef = 1C62E8EC2C2A211000C1C637 /* PhotosDB.xcdatamodeld */; };
		1C62E8F02C2A219D00C1C637 /* Preprocessing.swift in Sources */ = {isa = PBXBuildFile; fileRef = 1C62E8EF2C2A219D00C1C637 /* Preprocessing.swift */; };
		1C62E8F42C2A221F00C1C637 /* CoreDataManager.swift in Sources */ = {isa = PBXBuildFile; fileRef = 1C62E8F32C2A221F00C1C637 /* CoreDataManager.swift */; };
		1C62E8FC2C2A238500C1C637 /* MLMultiArrayExtension.swift in Sources */ = {isa = PBXBuildFile; fileRef = 1C62E8FB2C2A238500C1C637 /* MLMultiArrayExtension.swift */; };
		1C62E8FE2C2A24C200C1C637 /* MLMultiArrayTransformer.swift in Sources */ = {isa = PBXBuildFile; fileRef = 1C62E8FD2C2A24C200C1C637 /* MLMultiArrayTransformer.swift */; };
		1C62E9002C2A259F00C1C637 /* AppDelegate.swift in Sources */ = {isa = PBXBuildFile; fileRef = 1C62E8FF2C2A259F00C1C637 /* AppDelegate.swift */; };
		1C62E9082C2B556400C1C637 /* MPSGraphPostProcessing.swift in Sources */ = {isa = PBXBuildFile; fileRef = 1C62E9072C2B556400C1C637 /* MPSGraphPostProcessing.swift */; };
		1C62E90E2C2C9EC300C1C637 /* CLIP_Tokenizer.swift in Sources */ = {isa = PBXBuildFile; fileRef = 1C62E90D2C2C9EC300C1C637 /* CLIP_Tokenizer.swift */; };
		1C62E9132C2DBFB700C1C637 /* bpe_simple_vocab_16e6.txt in Resources */ = {isa = PBXBuildFile; fileRef = 1C62E9122C2DBFB600C1C637 /* bpe_simple_vocab_16e6.txt */; };
/* End PBXBuildFile section */

/* Begin PBXFileReference section */
		1C0105D12C323AE1005870B5 /* SettingsViews.swift */ = {isa = PBXFileReference; lastKnownFileType = sourcecode.swift; path = SettingsViews.swift; sourceTree = "<group>"; };
		1C0105DC2C341F66005870B5 /* clip_mci_image.mlpackage */ = {isa = PBXFileReference; lastKnownFileType = folder.mlpackage; path = clip_mci_image.mlpackage; sourceTree = "<group>"; };
		1C0105DE2C345433005870B5 /* ProfilerPerformanceStats.swift */ = {isa = PBXFileReference; lastKnownFileType = sourcecode.swift; path = ProfilerPerformanceStats.swift; sourceTree = "<group>"; };
		1C0105E22C347E05005870B5 /* CoreMLProfiler.swift */ = {isa = PBXFileReference; lastKnownFileType = sourcecode.swift; path = CoreMLProfiler.swift; sourceTree = "<group>"; };
		1C0F0CC62C2E02520007191B /* clip_text.mlpackage */ = {isa = PBXFileReference; lastKnownFileType = folder.mlpackage; path = clip_text.mlpackage; sourceTree = "<group>"; };
		1C0F0CC82C2E03FF0007191B /* CLIPTextModel.swift */ = {isa = PBXFileReference; lastKnownFileType = sourcecode.swift; path = CLIPTextModel.swift; sourceTree = "<group>"; };
		1C0F0CCA2C2F12E40007191B /* CameraPreviewView.swift */ = {isa = PBXFileReference; lastKnownFileType = sourcecode.swift; path = CameraPreviewView.swift; sourceTree = "<group>"; };
		1C0F0CCC2C2F13030007191B /* CameraManager.swift */ = {isa = PBXFileReference; lastKnownFileType = sourcecode.swift; path = CameraManager.swift; sourceTree = "<group>"; };
		1C1D3CF82C494AE000A9A482 /* PredictionModes.md */ = {isa = PBXFileReference; lastKnownFileType = net.daringfireball.markdown; path = PredictionModes.md; sourceTree = "<group>"; };
		1C26D80B2C38185A00F7E24B /* CLIPImageModel.swift */ = {isa = PBXFileReference; lastKnownFileType = sourcecode.swift; path = CLIPImageModel.swift; sourceTree = "<group>"; };
		1C62E8D92C2A206700C1C637 /* CLIP-Finder2.app */ = {isa = PBXFileReference; explicitFileType = wrapper.application; includeInIndex = 0; path = "CLIP-Finder2.app"; sourceTree = BUILT_PRODUCTS_DIR; };
		1C62E8DC2C2A206700C1C637 /* CLIP_Finder2App.swift */ = {isa = PBXFileReference; lastKnownFileType = sourcecode.swift; path = CLIP_Finder2App.swift; sourceTree = "<group>"; };
		1C62E8DE2C2A206700C1C637 /* ContentView.swift */ = {isa = PBXFileReference; lastKnownFileType = sourcecode.swift; path = ContentView.swift; sourceTree = "<group>"; };
		1C62E8E02C2A206900C1C637 /* Assets.xcassets */ = {isa = PBXFileReference; lastKnownFileType = folder.assetcatalog; path = Assets.xcassets; sourceTree = "<group>"; };
		1C62E8E32C2A206900C1C637 /* Preview Assets.xcassets */ = {isa = PBXFileReference; lastKnownFileType = folder.assetcatalog; path = "Preview Assets.xcassets"; sourceTree = "<group>"; };
		1C62E8EA2C2A20B600C1C637 /* PhotoGalleryViewModel.swift */ = {isa = PBXFileReference; lastKnownFileType = sourcecode.swift; path = PhotoGalleryViewModel.swift; sourceTree = "<group>"; };
		1C62E8ED2C2A211000C1C637 /* PhotosDB.xcdatamodel */ = {isa = PBXFileReference; lastKnownFileType = wrapper.xcdatamodel; path = PhotosDB.xcdatamodel; sourceTree = "<group>"; };
		1C62E8EF2C2A219D00C1C637 /* Preprocessing.swift */ = {isa = PBXFileReference; lastKnownFileType = sourcecode.swift; path = Preprocessing.swift; sourceTree = "<group>"; };
		1C62E8F32C2A221F00C1C637 /* CoreDataManager.swift */ = {isa = PBXFileReference; lastKnownFileType = sourcecode.swift; path = CoreDataManager.swift; sourceTree = "<group>"; };
		1C62E8FB2C2A238500C1C637 /* MLMultiArrayExtension.swift */ = {isa = PBXFileReference; lastKnownFileType = sourcecode.swift; path = MLMultiArrayExtension.swift; sourceTree = "<group>"; };
		1C62E8FD2C2A24C200C1C637 /* MLMultiArrayTransformer.swift */ = {isa = PBXFileReference; lastKnownFileType = sourcecode.swift; path = MLMultiArrayTransformer.swift; sourceTree = "<group>"; };
		1C62E8FF2C2A259F00C1C637 /* AppDelegate.swift */ = {isa = PBXFileReference; lastKnownFileType = sourcecode.swift; path = AppDelegate.swift; sourceTree = "<group>"; };
		1C62E9072C2B556400C1C637 /* MPSGraphPostProcessing.swift */ = {isa = PBXFileReference; lastKnownFileType = sourcecode.swift; path = MPSGraphPostProcessing.swift; sourceTree = "<group>"; };
		1C62E90D2C2C9EC300C1C637 /* CLIP_Tokenizer.swift */ = {isa = PBXFileReference; lastKnownFileType = sourcecode.swift; path = CLIP_Tokenizer.swift; sourceTree = "<group>"; };
		1C62E9122C2DBFB600C1C637 /* bpe_simple_vocab_16e6.txt */ = {isa = PBXFileReference; fileEncoding = 4; lastKnownFileType = text; path = bpe_simple_vocab_16e6.txt; sourceTree = "<group>"; };
/* End PBXFileReference section */

/* Begin PBXFrameworksBuildPhase section */
		1C62E8D62C2A206700C1C637 /* Frameworks */ = {
			isa = PBXFrameworksBuildPhase;
			buildActionMask = 2147483647;
			files = (
			);
			runOnlyForDeploymentPostprocessing = 0;
		};
/* End PBXFrameworksBuildPhase section */

/* Begin PBXGroup section */
		1C62E8D02C2A206700C1C637 = {
			isa = PBXGroup;
			children = (
				1C1D3CF82C494AE000A9A482 /* PredictionModes.md */,
				1C62E8DB2C2A206700C1C637 /* CLIP-Finder2 */,
				1C62E8DA2C2A206700C1C637 /* Products */,
			);
			sourceTree = "<group>";
		};
		1C62E8DA2C2A206700C1C637 /* Products */ = {
			isa = PBXGroup;
			children = (
				1C62E8D92C2A206700C1C637 /* CLIP-Finder2.app */,
			);
			name = Products;
			sourceTree = "<group>";
		};
		1C62E8DB2C2A206700C1C637 /* CLIP-Finder2 */ = {
			isa = PBXGroup;
			children = (
				1C62E8DC2C2A206700C1C637 /* CLIP_Finder2App.swift */,
				1C62E8DE2C2A206700C1C637 /* ContentView.swift */,
				1C62E8EC2C2A211000C1C637 /* PhotosDB.xcdatamodeld */,
				1C62E8E02C2A206900C1C637 /* Assets.xcassets */,
				1C62E8E22C2A206900C1C637 /* Preview Content */,
				1C62E8EA2C2A20B600C1C637 /* PhotoGalleryViewModel.swift */,
				1C0105DE2C345433005870B5 /* ProfilerPerformanceStats.swift */,
				1C0105E22C347E05005870B5 /* CoreMLProfiler.swift */,
				1C0105D12C323AE1005870B5 /* SettingsViews.swift */,
				1C0F0CCA2C2F12E40007191B /* CameraPreviewView.swift */,
				1C0F0CCC2C2F13030007191B /* CameraManager.swift */,
				1C62E9122C2DBFB600C1C637 /* bpe_simple_vocab_16e6.txt */,
				1C62E8EF2C2A219D00C1C637 /* Preprocessing.swift */,
				1C26D80B2C38185A00F7E24B /* CLIPImageModel.swift */,
				1C62E8F32C2A221F00C1C637 /* CoreDataManager.swift */,
				1C62E8FF2C2A259F00C1C637 /* AppDelegate.swift */,
				1C62E8FD2C2A24C200C1C637 /* MLMultiArrayTransformer.swift */,
				1C62E8FB2C2A238500C1C637 /* MLMultiArrayExtension.swift */,
				1C62E9072C2B556400C1C637 /* MPSGraphPostProcessing.swift */,
				1C0105DC2C341F66005870B5 /* clip_mci_image.mlpackage */,
				1C62E90D2C2C9EC300C1C637 /* CLIP_Tokenizer.swift */,
				1C0F0CC62C2E02520007191B /* clip_text.mlpackage */,
				1C0F0CC82C2E03FF0007191B /* CLIPTextModel.swift */,
			);
			path = "CLIP-Finder2";
			sourceTree = "<group>";
		};
		1C62E8E22C2A206900C1C637 /* Preview Content */ = {
			isa = PBXGroup;
			children = (
				1C62E8E32C2A206900C1C637 /* Preview Assets.xcassets */,
			);
			path = "Preview Content";
			sourceTree = "<group>";
		};
/* End PBXGroup section */

/* Begin PBXNativeTarget section */
		1C62E8D82C2A206700C1C637 /* CLIP-Finder2 */ = {
			isa = PBXNativeTarget;
			buildConfigurationList = 1C62E8E72C2A206900C1C637 /* Build configuration list for PBXNativeTarget "CLIP-Finder2" */;
			buildPhases = (
				1C62E8D52C2A206700C1C637 /* Sources */,
				1C62E8D62C2A206700C1C637 /* Frameworks */,
				1C62E8D72C2A206700C1C637 /* Resources */,
			);
			buildRules = (
			);
			dependencies = (
			);
			name = "CLIP-Finder2";
			packageProductDependencies = (
			);
			productName = "CLIP-Finder2";
			productReference = 1C62E8D92C2A206700C1C637 /* CLIP-Finder2.app */;
			productType = "com.apple.product-type.application";
		};
/* End PBXNativeTarget section */

/* Begin PBXProject section */
		1C62E8D12C2A206700C1C637 /* Project object */ = {
			isa = PBXProject;
			attributes = {
				BuildIndependentTargetsInParallel = 1;
				LastSwiftUpdateCheck = 1540;
				LastUpgradeCheck = 1540;
				TargetAttributes = {
					1C62E8D82C2A206700C1C637 = {
						CreatedOnToolsVersion = 15.4;
					};
				};
			};
			buildConfigurationList = 1C62E8D42C2A206700C1C637 /* Build configuration list for PBXProject "CLIP-Finder2" */;
			compatibilityVersion = "Xcode 14.0";
			developmentRegion = en;
			hasScannedForEncodings = 0;
			knownRegions = (
				en,
				Base,
			);
			mainGroup = 1C62E8D02C2A206700C1C637;
			packageReferences = (
			);
			productRefGroup = 1C62E8DA2C2A206700C1C637 /* Products */;
			projectDirPath = "";
			projectRoot = "";
			targets = (
				1C62E8D82C2A206700C1C637 /* CLIP-Finder2 */,
			);
		};
/* End PBXProject section */

/* Begin PBXResourcesBuildPhase section */
		1C62E8D72C2A206700C1C637 /* Resources */ = {
			isa = PBXResourcesBuildPhase;
			buildActionMask = 2147483647;
			files = (
				1C62E8E42C2A206900C1C637 /* Preview Assets.xcassets in Resources */,
				1C62E8E12C2A206900C1C637 /* Assets.xcassets in Resources */,
				1C62E9132C2DBFB700C1C637 /* bpe_simple_vocab_16e6.txt in Resources */,
			);
			runOnlyForDeploymentPostprocessing = 0;
		};
/* End PBXResourcesBuildPhase section */

/* Begin PBXSourcesBuildPhase section */
		1C62E8D52C2A206700C1C637 /* Sources */ = {
			isa = PBXSourcesBuildPhase;
			buildActionMask = 2147483647;
			files = (
				1C0105DF2C345433005870B5 /* ProfilerPerformanceStats.swift in Sources */,
				1C0F0CCB2C2F12E40007191B /* CameraPreviewView.swift in Sources */,
				1C0F0CC72C2E02520007191B /* clip_text.mlpackage in Sources */,
				1C62E9082C2B556400C1C637 /* MPSGraphPostProcessing.swift in Sources */,
				1C0F0CC92C2E03FF0007191B /* CLIPTextModel.swift in Sources */,
				1C0105DD2C341F66005870B5 /* clip_mci_image.mlpackage in Sources */,
				1C26D80C2C38185A00F7E24B /* CLIPImageModel.swift in Sources */,
				1C0105E32C347E05005870B5 /* CoreMLProfiler.swift in Sources */,
				1C62E8F02C2A219D00C1C637 /* Preprocessing.swift in Sources */,
				1C62E8EE2C2A211000C1C637 /* PhotosDB.xcdatamodeld in Sources */,
				1C0F0CCD2C2F13030007191B /* CameraManager.swift in Sources */,
				1C62E90E2C2C9EC300C1C637 /* CLIP_Tokenizer.swift in Sources */,
				1C62E8DF2C2A206700C1C637 /* ContentView.swift in Sources */,
				1C62E8FE2C2A24C200C1C637 /* MLMultiArrayTransformer.swift in Sources */,
				1C0105D22C323AE1005870B5 /* SettingsViews.swift in Sources */,
				1C62E9002C2A259F00C1C637 /* AppDelegate.swift in Sources */,
				1C62E8EB2C2A20B600C1C637 /* PhotoGalleryViewModel.swift in Sources */,
				1C62E8FC2C2A238500C1C637 /* MLMultiArrayExtension.swift in Sources */,
				1C62E8F42C2A221F00C1C637 /* CoreDataManager.swift in Sources */,
				1C62E8DD2C2A206700C1C637 /* CLIP_Finder2App.swift in Sources */,
			);
			runOnlyForDeploymentPostprocessing = 0;
		};
/* End PBXSourcesBuildPhase section */

/* Begin XCBuildConfiguration section */
		1C62E8E52C2A206900C1C637 /* Debug */ = {
			isa = XCBuildConfiguration;
			buildSettings = {
				ALWAYS_SEARCH_USER_PATHS = NO;
				ASSETCATALOG_COMPILER_GENERATE_SWIFT_ASSET_SYMBOL_EXTENSIONS = YES;
				CLANG_ANALYZER_NONNULL = YES;
				CLANG_ANALYZER_NUMBER_OBJECT_CONVERSION = YES_AGGRESSIVE;
				CLANG_CXX_LANGUAGE_STANDARD = "gnu++20";
				CLANG_ENABLE_MODULES = YES;
				CLANG_ENABLE_OBJC_ARC = YES;
				CLANG_ENABLE_OBJC_WEAK = YES;
				CLANG_WARN_BLOCK_CAPTURE_AUTORELEASING = YES;
				CLANG_WARN_BOOL_CONVERSION = YES;
				CLANG_WARN_COMMA = YES;
				CLANG_WARN_CONSTANT_CONVERSION = YES;
				CLANG_WARN_DEPRECATED_OBJC_IMPLEMENTATIONS = YES;
				CLANG_WARN_DIRECT_OBJC_ISA_USAGE = YES_ERROR;
				CLANG_WARN_DOCUMENTATION_COMMENTS = YES;
				CLANG_WARN_EMPTY_BODY = YES;
				CLANG_WARN_ENUM_CONVERSION = YES;
				CLANG_WARN_INFINITE_RECURSION = YES;
				CLANG_WARN_INT_CONVERSION = YES;
				CLANG_WARN_NON_LITERAL_NULL_CONVERSION = YES;
				CLANG_WARN_OBJC_IMPLICIT_RETAIN_SELF = YES;
				CLANG_WARN_OBJC_LITERAL_CONVERSION = YES;
				CLANG_WARN_OBJC_ROOT_CLASS = YES_ERROR;
				CLANG_WARN_QUOTED_INCLUDE_IN_FRAMEWORK_HEADER = YES;
				CLANG_WARN_RANGE_LOOP_ANALYSIS = YES;
				CLANG_WARN_STRICT_PROTOTYPES = YES;
				CLANG_WARN_SUSPICIOUS_MOVE = YES;
				CLANG_WARN_UNGUARDED_AVAILABILITY = YES_AGGRESSIVE;
				CLANG_WARN_UNREACHABLE_CODE = YES;
				CLANG_WARN__DUPLICATE_METHOD_MATCH = YES;
				COPY_PHASE_STRIP = NO;
				DEBUG_INFORMATION_FORMAT = dwarf;
				ENABLE_STRICT_OBJC_MSGSEND = YES;
				ENABLE_TESTABILITY = YES;
				ENABLE_USER_SCRIPT_SANDBOXING = YES;
				GCC_C_LANGUAGE_STANDARD = gnu17;
				GCC_DYNAMIC_NO_PIC = NO;
				GCC_NO_COMMON_BLOCKS = YES;
				GCC_OPTIMIZATION_LEVEL = 0;
				GCC_PREPROCESSOR_DEFINITIONS = (
					"DEBUG=1",
					"$(inherited)",
				);
				GCC_WARN_64_TO_32_BIT_CONVERSION = YES;
				GCC_WARN_ABOUT_RETURN_TYPE = YES_ERROR;
				GCC_WARN_UNDECLARED_SELECTOR = YES;
				GCC_WARN_UNINITIALIZED_AUTOS = YES_AGGRESSIVE;
				GCC_WARN_UNUSED_FUNCTION = YES;
				GCC_WARN_UNUSED_VARIABLE = YES;
				IPHONEOS_DEPLOYMENT_TARGET = 17.5;
				LOCALIZATION_PREFERS_STRING_CATALOGS = YES;
				MTL_ENABLE_DEBUG_INFO = INCLUDE_SOURCE;
				MTL_FAST_MATH = YES;
				ONLY_ACTIVE_ARCH = YES;
				SDKROOT = iphoneos;
				SWIFT_ACTIVE_COMPILATION_CONDITIONS = "DEBUG $(inherited)";
				SWIFT_OPTIMIZATION_LEVEL = "-Onone";
			};
			name = Debug;
		};
		1C62E8E62C2A206900C1C637 /* Release */ = {
			isa = XCBuildConfiguration;
			buildSettings = {
				ALWAYS_SEARCH_USER_PATHS = NO;
				ASSETCATALOG_COMPILER_GENERATE_SWIFT_ASSET_SYMBOL_EXTENSIONS = YES;
				CLANG_ANALYZER_NONNULL = YES;
				CLANG_ANALYZER_NUMBER_OBJECT_CONVERSION = YES_AGGRESSIVE;
				CLANG_CXX_LANGUAGE_STANDARD = "gnu++20";
				CLANG_ENABLE_MODULES = YES;
				CLANG_ENABLE_OBJC_ARC = YES;
				CLANG_ENABLE_OBJC_WEAK = YES;
				CLANG_WARN_BLOCK_CAPTURE_AUTORELEASING = YES;
				CLANG_WARN_BOOL_CONVERSION = YES;
				CLANG_WARN_COMMA = YES;
				CLANG_WARN_CONSTANT_CONVERSION = YES;
				CLANG_WARN_DEPRECATED_OBJC_IMPLEMENTATIONS = YES;
				CLANG_WARN_DIRECT_OBJC_ISA_USAGE = YES_ERROR;
				CLANG_WARN_DOCUMENTATION_COMMENTS = YES;
				CLANG_WARN_EMPTY_BODY = YES;
				CLANG_WARN_ENUM_CONVERSION = YES;
				CLANG_WARN_INFINITE_RECURSION = YES;
				CLANG_WARN_INT_CONVERSION = YES;
				CLANG_WARN_NON_LITERAL_NULL_CONVERSION = YES;
				CLANG_WARN_OBJC_IMPLICIT_RETAIN_SELF = YES;
				CLANG_WARN_OBJC_LITERAL_CONVERSION = YES;
				CLANG_WARN_OBJC_ROOT_CLASS = YES_ERROR;
				CLANG_WARN_QUOTED_INCLUDE_IN_FRAMEWORK_HEADER = YES;
				CLANG_WARN_RANGE_LOOP_ANALYSIS = YES;
				CLANG_WARN_STRICT_PROTOTYPES = YES;
				CLANG_WARN_SUSPICIOUS_MOVE = YES;
				CLANG_WARN_UNGUARDED_AVAILABILITY = YES_AGGRESSIVE;
				CLANG_WARN_UNREACHABLE_CODE = YES;
				CLANG_WARN__DUPLICATE_METHOD_MATCH = YES;
				COPY_PHASE_STRIP = NO;
				DEBUG_INFORMATION_FORMAT = "dwarf-with-dsym";
				ENABLE_NS_ASSERTIONS = NO;
				ENABLE_STRICT_OBJC_MSGSEND = YES;
				ENABLE_USER_SCRIPT_SANDBOXING = YES;
				GCC_C_LANGUAGE_STANDARD = gnu17;
				GCC_NO_COMMON_BLOCKS = YES;
				GCC_WARN_64_TO_32_BIT_CONVERSION = YES;
				GCC_WARN_ABOUT_RETURN_TYPE = YES_ERROR;
				GCC_WARN_UNDECLARED_SELECTOR = YES;
				GCC_WARN_UNINITIALIZED_AUTOS = YES_AGGRESSIVE;
				GCC_WARN_UNUSED_FUNCTION = YES;
				GCC_WARN_UNUSED_VARIABLE = YES;
				IPHONEOS_DEPLOYMENT_TARGET = 17.5;
				LOCALIZATION_PREFERS_STRING_CATALOGS = YES;
				MTL_ENABLE_DEBUG_INFO = NO;
				MTL_FAST_MATH = YES;
				SDKROOT = iphoneos;
				SWIFT_COMPILATION_MODE = wholemodule;
				VALIDATE_PRODUCT = YES;
			};
			name = Release;
		};
		1C62E8E82C2A206900C1C637 /* Debug */ = {
			isa = XCBuildConfiguration;
			buildSettings = {
				ASSETCATALOG_COMPILER_APPICON_NAME = AppIcon;
				ASSETCATALOG_COMPILER_GLOBAL_ACCENT_COLOR_NAME = AccentColor;
				CODE_SIGN_STYLE = Automatic;
				CURRENT_PROJECT_VERSION = 3;
				DEVELOPMENT_ASSET_PATHS = "\"CLIP-Finder2/Preview Content\"";
				DEVELOPMENT_TEAM = 4N8Y4W9QWP;
				ENABLE_PREVIEWS = YES;
				GENERATE_INFOPLIST_FILE = YES;
				INFOPLIST_KEY_LSApplicationCategoryType = "public.app-category.utilities";
				INFOPLIST_KEY_NSCameraUsageDescription = "Capture Video for Gallery Search by using Video";
				INFOPLIST_KEY_NSPhotoLibraryUsageDescription = "This app requires access to your photo library to display and process photos.";
				INFOPLIST_KEY_UIApplicationSceneManifest_Generation = YES;
				INFOPLIST_KEY_UIApplicationSupportsIndirectInputEvents = YES;
				INFOPLIST_KEY_UILaunchScreen_Generation = YES;
				INFOPLIST_KEY_UISupportedInterfaceOrientations_iPad = "UIInterfaceOrientationPortrait UIInterfaceOrientationPortraitUpsideDown UIInterfaceOrientationLandscapeLeft UIInterfaceOrientationLandscapeRight";
				INFOPLIST_KEY_UISupportedInterfaceOrientations_iPhone = "UIInterfaceOrientationPortrait UIInterfaceOrientationLandscapeLeft UIInterfaceOrientationLandscapeRight";
				IPHONEOS_DEPLOYMENT_TARGET = 17.0;
				LD_RUNPATH_SEARCH_PATHS = (
					"$(inherited)",
					"@executable_path/Frameworks",
				);
				MARKETING_VERSION = 1.3;
				PRODUCT_BUNDLE_IDENTIFIER = "com.fguzman82.CLIP-Finder2";
				PRODUCT_NAME = "$(TARGET_NAME)";
				SWIFT_EMIT_LOC_STRINGS = YES;
				SWIFT_VERSION = 5.0;
				TARGETED_DEVICE_FAMILY = "1,2";
			};
			name = Debug;
		};
		1C62E8E92C2A206900C1C637 /* Release */ = {
			isa = XCBuildConfiguration;
			buildSettings = {
				ASSETCATALOG_COMPILER_APPICON_NAME = AppIcon;
				ASSETCATALOG_COMPILER_GLOBAL_ACCENT_COLOR_NAME = AccentColor;
				CODE_SIGN_STYLE = Automatic;
				CURRENT_PROJECT_VERSION = 3;
				DEVELOPMENT_ASSET_PATHS = "\"CLIP-Finder2/Preview Content\"";
				DEVELOPMENT_TEAM = 4N8Y4W9QWP;
				ENABLE_PREVIEWS = YES;
				GENERATE_INFOPLIST_FILE = YES;
				INFOPLIST_KEY_LSApplicationCategoryType = "public.app-category.utilities";
				INFOPLIST_KEY_NSCameraUsageDescription = "Capture Video for Gallery Search by using Video";
				INFOPLIST_KEY_NSPhotoLibraryUsageDescription = "This app requires access to your photo library to display and process photos.";
				INFOPLIST_KEY_UIApplicationSceneManifest_Generation = YES;
				INFOPLIST_KEY_UIApplicationSupportsIndirectInputEvents = YES;
				INFOPLIST_KEY_UILaunchScreen_Generation = YES;
				INFOPLIST_KEY_UISupportedInterfaceOrientations_iPad = "UIInterfaceOrientationPortrait UIInterfaceOrientationPortraitUpsideDown UIInterfaceOrientationLandscapeLeft UIInterfaceOrientationLandscapeRight";
				INFOPLIST_KEY_UISupportedInterfaceOrientations_iPhone = "UIInterfaceOrientationPortrait UIInterfaceOrientationLandscapeLeft UIInterfaceOrientationLandscapeRight";
				IPHONEOS_DEPLOYMENT_TARGET = 17.0;
				LD_RUNPATH_SEARCH_PATHS = (
					"$(inherited)",
					"@executable_path/Frameworks",
				);
				MARKETING_VERSION = 1.3;
				PRODUCT_BUNDLE_IDENTIFIER = "com.fguzman82.CLIP-Finder2";
				PRODUCT_NAME = "$(TARGET_NAME)";
				SWIFT_EMIT_LOC_STRINGS = YES;
				SWIFT_VERSION = 5.0;
				TARGETED_DEVICE_FAMILY = "1,2";
			};
			name = Release;
		};
/* End XCBuildConfiguration section */

/* Begin XCConfigurationList section */
		1C62E8D42C2A206700C1C637 /* Build configuration list for PBXProject "CLIP-Finder2" */ = {
			isa = XCConfigurationList;
			buildConfigurations = (
				1C62E8E52C2A206900C1C637 /* Debug */,
				1C62E8E62C2A206900C1C637 /* Release */,
			);
			defaultConfigurationIsVisible = 0;
			defaultConfigurationName = Release;
		};
		1C62E8E72C2A206900C1C637 /* Build configuration list for PBXNativeTarget "CLIP-Finder2" */ = {
			isa = XCConfigurationList;
			buildConfigurations = (
				1C62E8E82C2A206900C1C637 /* Debug */,
				1C62E8E92C2A206900C1C637 /* Release */,
			);
			defaultConfigurationIsVisible = 0;
			defaultConfigurationName = Release;
		};
/* End XCConfigurationList section */

/* Begin XCVersionGroup section */
		1C62E8EC2C2A211000C1C637 /* PhotosDB.xcdatamodeld */ = {
			isa = XCVersionGroup;
			children = (
				1C62E8ED2C2A211000C1C637 /* PhotosDB.xcdatamodel */,
			);
			currentVersion = 1C62E8ED2C2A211000C1C637 /* PhotosDB.xcdatamodel */;
			path = PhotosDB.xcdatamodeld;
			sourceTree = "<group>";
			versionGroupType = wrapper.xcdatamodel;
		};
/* End XCVersionGroup section */
	};
	rootObject = 1C62E8D12C2A206700C1C637 /* Project object */;
}
